{
  "name": "real-wargame",
  "version": "0.1.0",
  "lockfileVersion": 3,
  "requires": true,
  "packages": {
    "": {
      "name": "real-wargame",
      "version": "0.1.0",
      "dependencies": {
        "pixi.js": "^7.4.3"
      },
      "devDependencies": {
        "typescript": "^5.5.4",
        "vite": "^5.4.11"
      }
    }
  }
}
